
Microsoft Visual Studio Solution File, Format Version 12.00
# Visual Studio Version 16
VisualStudioVersion = 16.0.33328.57
MinimumVisualStudioVersion = 10.0.40219.1
Project("{FAE04EC0-301F-11D3-BF4B-00C04F79EFBC}") = "4_Hafta_Homeworks", "4_Hafta_Homeworks\4_Hafta_Homeworks.csproj", "{45606029-6CB7-4B4A-9C20-792F06586A8C}"
EndProject
Project("{FAE04EC0-301F-11D3-BF4B-00C04F79EFBC}") = "ReferenceTypes", "ReferenceTypes\ReferenceTypes.csproj", "{A96E2430-E0DD-4D18-8E14-C81DC56421F8}"
EndProject
Project("{FAE04EC0-301F-11D3-BF4B-00C04F79EFBC}") = "Constructors", "Constructors\Constructors.csproj", "{FE60B0A5-C4FF-4ED6-B984-BBE582E262B5}"
EndProject
Project("{FAE04EC0-301F-11D3-BF4B-00C04F79EFBC}") = "Generics", "Generics\Generics.csproj", "{E8456B54-EB24-48E0-A2E3-7CEC388395A5}"
EndProject
Global
	GlobalSection(SolutionConfigurationPlatforms) = preSolution
		Debug|Any CPU = Debug|Any CPU
		Release|Any CPU = Release|Any CPU
	EndGlobalSection
	GlobalSection(ProjectConfigurationPlatforms) = postSolution
		{45606029-6CB7-4B4A-9C20-792F06586A8C}.Debug|Any CPU.ActiveCfg = Debug|Any CPU
		{45606029-6CB7-4B4A-9C20-792F06586A8C}.Debug|Any CPU.Build.0 = Debug|Any CPU
		{45606029-6CB7-4B4A-9C20-792F06586A8C}.Release|Any CPU.ActiveCfg = Release|Any CPU
		{45606029-6CB7-4B4A-9C20-792F06586A8C}.Release|Any CPU.Build.0 = Release|Any CPU
		{A96E2430-E0DD-4D18-8E14-C81DC56421F8}.Debug|Any CPU.ActiveCfg = Debug|Any CPU
		{A96E2430-E0DD-4D18-8E14-C81DC56421F8}.Debug|Any CPU.Build.0 = Debug|Any CPU
		{A96E2430-E0DD-4D18-8E14-C81DC56421F8}.Release|Any CPU.ActiveCfg = Release|Any CPU
		{A96E2430-E0DD-4D18-8E14-C81DC56421F8}.Release|Any CPU.Build.0 = Release|Any CPU
		{FE60B0A5-C4FF-4ED6-B984-BBE582E262B5}.Debug|Any CPU.ActiveCfg = Debug|Any CPU
		{FE60B0A5-C4FF-4ED6-B984-BBE582E262B5}.Debug|Any CPU.Build.0 = Debug|Any CPU
		{FE60B0A5-C4FF-4ED6-B984-BBE582E262B5}.Release|Any CPU.ActiveCfg = Release|Any CPU
		{FE60B0A5-C4FF-4ED6-B984-BBE582E262B5}.Release|Any CPU.Build.0 = Release|Any CPU
		{E8456B54-EB24-48E0-A2E3-7CEC388395A5}.Debug|Any CPU.ActiveCfg = Debug|Any CPU
		{E8456B54-EB24-48E0-A2E3-7CEC388395A5}.Debug|Any CPU.Build.0 = Debug|Any CPU
		{E8456B54-EB24-48E0-A2E3-7CEC388395A5}.Release|Any CPU.ActiveCfg = Release|Any CPU
		{E8456B54-EB24-48E0-A2E3-7CEC388395A5}.Release|Any CPU.Build.0 = Release|Any CPU
	EndGlobalSection
	GlobalSection(SolutionProperties) = preSolution
		HideSolutionNode = FALSE
	EndGlobalSection
	GlobalSection(ExtensibilityGlobals) = postSolution
		SolutionGuid = {7811D76E-6941-4824-936D-E172A67B5DFD}
	EndGlobalSection
EndGlobal
